Microsoft Visual Studio Solution File, Format Version 8.00
Project("{8BC9CEB8-8B4A-11D0-8D11-00A0C91BC942}") = "controller", "controller.vcproj", "{CB9D48B4-BE4D-4C1B-A15E-90620C1F8789}"
	ProjectSection(ProjectDependencies) = postProject
	EndProjectSection
EndProject
Global
	GlobalSection(SolutionConfiguration) = preSolution
		Debug = Debug
		Release = Release
	EndGlobalSection
	GlobalSection(ProjectConfiguration) = postSolution
		{CB9D48B4-BE4D-4C1B-A15E-90620C1F8789}.Debug.ActiveCfg = Debug|Win32
		{CB9D48B4-BE4D-4C1B-A15E-90620C1F8789}.Debug.Build.0 = Debug|Win32
		{CB9D48B4-BE4D-4C1B-A15E-90620C1F8789}.Release.ActiveCfg = Release|Win32
		{CB9D48B4-BE4D-4C1B-A15E-90620C1F8789}.Release.Build.0 = Release|Win32
	EndGlobalSection
	GlobalSection(ExtensibilityGlobals) = postSolution
	EndGlobalSection
	GlobalSection(ExtensibilityAddIns) = postSolution
	EndGlobalSection
EndGlobal
